
Microsoft Visual Studio Solution File, Format Version 12.00
# Visual Studio Version 16
VisualStudioVersion = 16.0.29009.5
MinimumVisualStudioVersion = 10.0.40219.1
Project("{FAE04EC0-301F-11D3-BF4B-00C04F79EFBC}") = "claseabstracta", "claseabstracta\claseabstracta.csproj", "{B0CD4573-8452-418D-BB46-6F440FE3D148}"
EndProject
Global
	GlobalSection(SolutionConfigurationPlatforms) = preSolution
		Debug|Any CPU = Debug|Any CPU
		Release|Any CPU = Release|Any CPU
	EndGlobalSection
	GlobalSection(ProjectConfigurationPlatforms) = postSolution
		{B0CD4573-8452-418D-BB46-6F440FE3D148}.Debug|Any CPU.ActiveCfg = Debug|Any CPU
		{B0CD4573-8452-418D-BB46-6F440FE3D148}.Debug|Any CPU.Build.0 = Debug|Any CPU
		{B0CD4573-8452-418D-BB46-6F440FE3D148}.Release|Any CPU.ActiveCfg = Release|Any CPU
		{B0CD4573-8452-418D-BB46-6F440FE3D148}.Release|Any CPU.Build.0 = Release|Any CPU
	EndGlobalSection
	GlobalSection(SolutionProperties) = preSolution
		HideSolutionNode = FALSE
	EndGlobalSection
	GlobalSection(ExtensibilityGlobals) = postSolution
		SolutionGuid = {E0D674BF-3BFA-48B6-9EE8-BF1EA11D4989}
	EndGlobalSection
EndGlobal
